
Microsoft Visual Studio Solution File, Format Version 12.00
# Visual Studio Version 16
VisualStudioVersion = 16.0.29326.143
MinimumVisualStudioVersion = 10.0.40219.1
Project("{2150E333-8FDC-42A3-9474-1A3956D46DE8}") = "docs", "docs", "{1B73EDFB-2410-4828-9835-FE353FC1C2BF}"
	ProjectSection(SolutionItems) = preProject
		..\docs\_config.yml = ..\docs\_config.yml
		..\docs\README.md = ..\docs\README.md
	EndProjectSection
EndProject
Project("{2150E333-8FDC-42A3-9474-1A3956D46DE8}") = "img", "img", "{DFC219B4-2CF1-49CC-B203-A0E1FF73E20A}"
	ProjectSection(SolutionItems) = preProject
		..\docs\img\favicon.ico = ..\docs\img\favicon.ico
		..\docs\img\gemstone-square-1000.png = ..\docs\img\gemstone-square-1000.png
		..\docs\img\gemstone-wide-600.png = ..\docs\img\gemstone-wide-600.png
	EndProjectSection
EndProject
Project("{9A19103F-16F7-4668-BE54-9A1E7A4F7556}") = "PQDIFExplorer.Web", "PQDIFExplorer.Web\PQDIFExplorer.Web.csproj", "{E0078D89-9FA4-4600-A71E-BCC99ACC42B0}"
EndProject
Project("{FAE04EC0-301F-11D3-BF4B-00C04F79EFBC}") = "PQDIFExplorer.RCL", "PQDIFExplorer.RCL\PQDIFExplorer.RCL.csproj", "{5A6A7AAB-2993-481F-A974-086429A37288}"
EndProject
Global
	GlobalSection(SolutionConfigurationPlatforms) = preSolution
		Debug|Any CPU = Debug|Any CPU
		Release|Any CPU = Release|Any CPU
	EndGlobalSection
	GlobalSection(ProjectConfigurationPlatforms) = postSolution
		{E0078D89-9FA4-4600-A71E-BCC99ACC42B0}.Debug|Any CPU.ActiveCfg = Debug|Any CPU
		{E0078D89-9FA4-4600-A71E-BCC99ACC42B0}.Debug|Any CPU.Build.0 = Debug|Any CPU
		{E0078D89-9FA4-4600-A71E-BCC99ACC42B0}.Release|Any CPU.ActiveCfg = Release|Any CPU
		{E0078D89-9FA4-4600-A71E-BCC99ACC42B0}.Release|Any CPU.Build.0 = Release|Any CPU
		{5A6A7AAB-2993-481F-A974-086429A37288}.Debug|Any CPU.ActiveCfg = Debug|Any CPU
		{5A6A7AAB-2993-481F-A974-086429A37288}.Debug|Any CPU.Build.0 = Debug|Any CPU
		{5A6A7AAB-2993-481F-A974-086429A37288}.Release|Any CPU.ActiveCfg = Release|Any CPU
		{5A6A7AAB-2993-481F-A974-086429A37288}.Release|Any CPU.Build.0 = Release|Any CPU
	EndGlobalSection
	GlobalSection(SolutionProperties) = preSolution
		HideSolutionNode = FALSE
	EndGlobalSection
	GlobalSection(NestedProjects) = preSolution
		{DFC219B4-2CF1-49CC-B203-A0E1FF73E20A} = {1B73EDFB-2410-4828-9835-FE353FC1C2BF}
	EndGlobalSection
	GlobalSection(ExtensibilityGlobals) = postSolution
		SolutionGuid = {A191CAE4-14B5-40B1-856F-1F9AF0C30E96}
	EndGlobalSection
EndGlobal
